// !$*UTF8*$!
{
	archiveVersion = 1;
	classes = {
	};
	objectVersion = 46;
	objects = {

/* Begin PBXBuildFile section */
		06FCDCAA61D5487EA2621C1B /* Assets.xcassets in Resources */ = {isa = PBXBuildFile; fileRef = 0204AEC5980D40E28794EFF8 /* Assets.xcassets */; };
		07BA4D9C9A0B44CD995C0B69 /* SAPFoundation.framework in Frameworks */ = {isa = PBXBuildFile; fileRef = 61BFD79BADE44DD189B20354 /* SAPFoundation.framework */; };
		083AA1FA79D74FAAA96563AD /* download_icon@2x.png in Resources */ = {isa = PBXBuildFile; fileRef = 8A7BD5F9DBCB419D942EC3AA /* download_icon@2x.png */; };
		08E9C9BCE8F54A769E947F2B /* SAPOData.framework in Frameworks */ = {isa = PBXBuildFile; fileRef = 52A51892552449F894283651 /* SAPOData.framework */; };
		0CA782E4F9564E889B3A2FC1 /* open_icon@3x.png in Resources */ = {isa = PBXBuildFile; fileRef = B2198137895D4669AF8AF1FB /* open_icon@3x.png */; };
		21C7DE3168C5491C896B0E54 /* menu.png in Resources */ = {isa = PBXBuildFile; fileRef = 9086450DE97044FFB2E17724 /* menu.png */; };
		29ECD8F3D1E74717A58B4294 /* TestTxt.txt in Resources */ = {isa = PBXBuildFile; fileRef = 1EDF60FCCA074107952076AE /* TestTxt.txt */; };
		2CBE82D9BB244F5AB3FFEEF7 /* i18n in Resources */ = {isa = PBXBuildFile; fileRef = B6397AC027164788B0852BB1 /* i18n */; };
		2FE74D2962D247BDAE61A4EF /* SAPFiori.framework in Frameworks */ = {isa = PBXBuildFile; fileRef = 2E0CBA7B56354ADEACEC2944 /* SAPFiori.framework */; };
		31626F6A47D54D8DB5E8D274 /* TNSSideDrawer.framework in Frameworks */ = {isa = PBXBuildFile; fileRef = 19BDB97A627D481C88CABDCB /* TNSSideDrawer.framework */; };
		375F91500AAB45AD8D99AC18 /* SAPOfflineOData.framework in Frameworks */ = {isa = PBXBuildFile; fileRef = BDC3BE3A0AAA4D9A8971D773 /* SAPOfflineOData.framework */; };
		3937895670C94980B79B692C /* TNSCore.framework in Frameworks */ = {isa = PBXBuildFile; fileRef = 25EA81A9741A45A3BCCE411D /* TNSCore.framework */; };
		4072E6B7F16B40CC8E04D892 /* map_icon.png in Resources */ = {isa = PBXBuildFile; fileRef = 6C0603BD9E3F45D08E704901 /* map_icon.png */; };
		4339D0E99C6747638AF4F044 /* TestOpenDocument.pdf in Resources */ = {isa = PBXBuildFile; fileRef = 3AEEA3A33C2A4CC8884FF8DA /* TestOpenDocument.pdf */; };
		45B74F323E3740C9ADF0834A /* TNSCore.framework in Embed Frameworks */ = {isa = PBXBuildFile; fileRef = 25EA81A9741A45A3BCCE411D /* TNSCore.framework */; settings = {ATTRIBUTES = (CodeSignOnCopy, ); }; };
		531C7870A6359A24F9C5C450 /* Pods_ArmadoresDEV.framework in Frameworks */ = {isa = PBXBuildFile; fileRef = E87EB3F33038B75EE1CB2D55 /* Pods_ArmadoresDEV.framework */; };
		553E2C5D288A43789B44B519 /* download_icon.png in Resources */ = {isa = PBXBuildFile; fileRef = A9912ADA1ADB4503A80A9D3A /* download_icon.png */; };
		55E19DD34E434CE287AB1FC6 /* SAPFioriFlows.framework in Embed Frameworks */ = {isa = PBXBuildFile; fileRef = 7F16EA5EA01E47AC991B51AD /* SAPFioriFlows.framework */; settings = {ATTRIBUTES = (CodeSignOnCopy, ); }; };
		5D804A5EBE2242C8A2CF3763 /* EULAText.html in Resources */ = {isa = PBXBuildFile; fileRef = A6C982BA348E49D491E2B112 /* EULAText.html */; };
		6228B42AE2D047D6B104C8FD /* menu_icon@2x.png in Resources */ = {isa = PBXBuildFile; fileRef = F2466E4AAE4746A08B8205D3 /* menu_icon@2x.png */; };
		67AD21CEB1C24D9881E25303 /* menu_icon@3x.png in Resources */ = {isa = PBXBuildFile; fileRef = 0CF06EE0C6F5464D91A2C00F /* menu_icon@3x.png */; };
		70D4F0E7C8E14AB2BA8C3376 /* Settings.bundle in Resources */ = {isa = PBXBuildFile; fileRef = A9FC36A4AB834B43ABF486E2 /* Settings.bundle */; };
		714DF581EE714C408DD98BCA /* TestDocx.docx in Resources */ = {isa = PBXBuildFile; fileRef = 20D15403635D4A3DA948925E /* TestDocx.docx */; };
		789D6479B8924F4FA256AF43 /* dino.png in Resources */ = {isa = PBXBuildFile; fileRef = 55854731C3304476B173AACF /* dino.png */; };
		78FE6B5B2DAF466A822A96E7 /* Branding.nss in Resources */ = {isa = PBXBuildFile; fileRef = 527528B0513448B18015834E /* Branding.nss */; };
		7B5538EB081B4EA49C00E42E /* build.xcconfig in Resources */ = {isa = PBXBuildFile; fileRef = 87C41F6161DA4456B272E0A2 /* build.xcconfig */; };
		8083410C1DB04F38A831B724 /* map_icon@3x.png in Resources */ = {isa = PBXBuildFile; fileRef = 5F773C3F79534B21AA680555 /* map_icon@3x.png */; };
		81E54D26D2A041DCA7AF718A /* TNSWidgets.framework in Frameworks */ = {isa = PBXBuildFile; fileRef = 4212C61B57D14B9DA4F93339 /* TNSWidgets.framework */; };
		858B842D18CA22B800AB12DE /* InfoPlist.strings in Resources */ = {isa = PBXBuildFile; fileRef = 858B833A18CA111C00AB12DE /* InfoPlist.strings */; };
		8A4E6088C289453790BF844F /* TNSWidgets.framework in Embed Frameworks */ = {isa = PBXBuildFile; fileRef = 4212C61B57D14B9DA4F93339 /* TNSWidgets.framework */; settings = {ATTRIBUTES = (CodeSignOnCopy, ); }; };
		8C7CD92ABF3E4242924CDF47 /* SAPCommon.framework in Frameworks */ = {isa = PBXBuildFile; fileRef = 82D5191950E24AD98FD509FE /* SAPCommon.framework */; };
		91CD1981F4C74668BE96F508 /* LaunchScreen.storyboard in Resources */ = {isa = PBXBuildFile; fileRef = B62BDF739FA54B1C8AD2C749 /* LaunchScreen.storyboard */; };
		936ABF99BDBD416486855EE8 /* download_icon@3x.png in Resources */ = {isa = PBXBuildFile; fileRef = D18F8B795E1E474892A39477 /* download_icon@3x.png */; };
		96E1E1C7DA1C4624BE46879D /* open_icon@2x.png in Resources */ = {isa = PBXBuildFile; fileRef = 67F4AE8DFB4B4009B52C50A2 /* open_icon@2x.png */; };
		9AB4F3EF3A1E4F0B81963AD8 /* open_icon.png in Resources */ = {isa = PBXBuildFile; fileRef = 9F89BCAE01F245F788A65FED /* open_icon.png */; };
		A426FF8A48234F43AC4C8C0F /* BlurredScreen.png in Resources */ = {isa = PBXBuildFile; fileRef = BEA3956E28844324A4996149 /* BlurredScreen.png */; };
		ADF5E3629E2041559BF609CD /* app.entitlements in Resources */ = {isa = PBXBuildFile; fileRef = 7ED927BCBA494ABB9C8DD26B /* app.entitlements */; };
		AE8D976BAC4E4436AE6858AE /* SAPFiori.framework in Embed Frameworks */ = {isa = PBXBuildFile; fileRef = 2E0CBA7B56354ADEACEC2944 /* SAPFiori.framework */; settings = {ATTRIBUTES = (CodeSignOnCopy, ); }; };
		BCC205066EE442C38018544B /* SAPOfflineOData.framework in Embed Frameworks */ = {isa = PBXBuildFile; fileRef = BDC3BE3A0AAA4D9A8971D773 /* SAPOfflineOData.framework */; settings = {ATTRIBUTES = (CodeSignOnCopy, ); }; };
		C05F21007C964769954EBEE7 /* SAPFioriFlows.framework in Frameworks */ = {isa = PBXBuildFile; fileRef = 7F16EA5EA01E47AC991B51AD /* SAPFioriFlows.framework */; };
		CB329D5A63A6408FBB8255AF /* SAPMDC.framework in Embed Frameworks */ = {isa = PBXBuildFile; fileRef = 13272224647342C0BD71718D /* SAPMDC.framework */; settings = {ATTRIBUTES = (CodeSignOnCopy, ); }; };
		CD45EE7C18DC2D5800FB50C0 /* app in Resources */ = {isa = PBXBuildFile; fileRef = CD45EE7A18DC2D5800FB50C0 /* app */; };
		CD62955D1BB2678900AE3A93 /* main.m in Sources */ = {isa = PBXBuildFile; fileRef = CD62955C1BB2678900AE3A93 /* main.m */; };
		D9D955C9C8E04524ADE959DE /* map_icon@2x.png in Resources */ = {isa = PBXBuildFile; fileRef = A23A8AC725C34EA8AA4CD69C /* map_icon@2x.png */; };
		E09E31B9EE4F42D4B08480CE /* menu_icon.png in Resources */ = {isa = PBXBuildFile; fileRef = 539E192FB449499FB982130F /* menu_icon.png */; };
		E34DD9F1677941A081A1E094 /* SAPOData.framework in Embed Frameworks */ = {isa = PBXBuildFile; fileRef = 52A51892552449F894283651 /* SAPOData.framework */; settings = {ATTRIBUTES = (CodeSignOnCopy, ); }; };
		E56547AE9C6A4976AB80C9C1 /* icon.png in Resources */ = {isa = PBXBuildFile; fileRef = 89A76596713845CBAF5F1674 /* icon.png */; };
		EE7D9D86D01B484BA4F76D95 /* SAPFoundation.framework in Embed Frameworks */ = {isa = PBXBuildFile; fileRef = 61BFD79BADE44DD189B20354 /* SAPFoundation.framework */; settings = {ATTRIBUTES = (CodeSignOnCopy, ); }; };
		F9C52F3288BF4BBCA7438027 /* TNSSideDrawer.framework in Embed Frameworks */ = {isa = PBXBuildFile; fileRef = 19BDB97A627D481C88CABDCB /* TNSSideDrawer.framework */; settings = {ATTRIBUTES = (CodeSignOnCopy, ); }; };
		FD025E7251BD4A9FA62B8494 /* SAPMDC.framework in Frameworks */ = {isa = PBXBuildFile; fileRef = 13272224647342C0BD71718D /* SAPMDC.framework */; };
		FDD943DF8631410187C3F504 /* NativeScriptEmbedder.m in Sources */ = {isa = PBXBuildFile; fileRef = 2382A055813A4F04B951251D /* NativeScriptEmbedder.m */; };
		FDF93DD55CA949E89C64BB1C /* SAPCommon.framework in Embed Frameworks */ = {isa = PBXBuildFile; fileRef = 82D5191950E24AD98FD509FE /* SAPCommon.framework */; settings = {ATTRIBUTES = (CodeSignOnCopy, ); }; };
/* End PBXBuildFile section */

/* Begin PBXCopyFilesBuildPhase section */
		85F5BDFC1A9363BE006B9701 /* Embed Frameworks */ = {
			isa = PBXCopyFilesBuildPhase;
			buildActionMask = 2147483647;
			dstPath = "";
			dstSubfolderSpec = 10;
			files = (
				FDF93DD55CA949E89C64BB1C /* SAPCommon.framework in Embed Frameworks */,
				AE8D976BAC4E4436AE6858AE /* SAPFiori.framework in Embed Frameworks */,
				55E19DD34E434CE287AB1FC6 /* SAPFioriFlows.framework in Embed Frameworks */,
				EE7D9D86D01B484BA4F76D95 /* SAPFoundation.framework in Embed Frameworks */,
				CB329D5A63A6408FBB8255AF /* SAPMDC.framework in Embed Frameworks */,
				E34DD9F1677941A081A1E094 /* SAPOData.framework in Embed Frameworks */,
				BCC205066EE442C38018544B /* SAPOfflineOData.framework in Embed Frameworks */,
				F9C52F3288BF4BBCA7438027 /* TNSSideDrawer.framework in Embed Frameworks */,
				8A4E6088C289453790BF844F /* TNSWidgets.framework in Embed Frameworks */,
				45B74F323E3740C9ADF0834A /* TNSCore.framework in Embed Frameworks */,
			);
			name = "Embed Frameworks";
			runOnlyForDeploymentPostprocessing = 0;
		};
/* End PBXCopyFilesBuildPhase section */

/* Begin PBXFileReference section */
		0204AEC5980D40E28794EFF8 /* Assets.xcassets */ = {isa = PBXFileReference; explicitFileType = undefined; fileEncoding = undefined; includeInIndex = 0; lastKnownFileType = folder.assetcatalog; name = Assets.xcassets; path = ArmadoresDEV/Resources/Assets.xcassets; sourceTree = "<group>"; };
		0CF06EE0C6F5464D91A2C00F /* menu_icon@3x.png */ = {isa = PBXFileReference; explicitFileType = undefined; fileEncoding = undefined; includeInIndex = 0; lastKnownFileType = image.png; name = "menu_icon@3x.png"; path = "ArmadoresDEV/Resources/menu_icon@3x.png"; sourceTree = "<group>"; };
		13272224647342C0BD71718D /* SAPMDC.framework */ = {isa = PBXFileReference; explicitFileType = undefined; fileEncoding = undefined; includeInIndex = 0; lastKnownFileType = wrapper.framework; name = SAPMDC.framework; path = "$(SRCROOT)/../../node_modules/mdk-sap/platforms/ios/SAPMDC.framework"; sourceTree = "<group>"; };
		19BDB97A627D481C88CABDCB /* TNSSideDrawer.framework */ = {isa = PBXFileReference; explicitFileType = undefined; fileEncoding = undefined; includeInIndex = 0; lastKnownFileType = wrapper.framework; name = TNSSideDrawer.framework; path = "$(SRCROOT)/../../node_modules/nativescript-ui-sidedrawer/platforms/ios/TNSSideDrawer.framework"; sourceTree = "<group>"; };
		1EDF60FCCA074107952076AE /* TestTxt.txt */ = {isa = PBXFileReference; explicitFileType = undefined; fileEncoding = undefined; includeInIndex = 0; lastKnownFileType = unknown; name = TestTxt.txt; path = ArmadoresDEV/Resources/TestTxt.txt; sourceTree = "<group>"; };
		20D15403635D4A3DA948925E /* TestDocx.docx */ = {isa = PBXFileReference; explicitFileType = undefined; fileEncoding = undefined; includeInIndex = 0; lastKnownFileType = unknown; name = TestDocx.docx; path = ArmadoresDEV/Resources/TestDocx.docx; sourceTree = "<group>"; };
		2382A055813A4F04B951251D /* NativeScriptEmbedder.m */ = {isa = PBXFileReference; explicitFileType = undefined; fileEncoding = 4; includeInIndex = 0; lastKnownFileType = sourcecode.c.objc; name = NativeScriptEmbedder.m; path = "../../node_modules/@nativescript/core/platforms/ios/src/NativeScriptEmbedder.m"; sourceTree = "<group>"; };
		25EA81A9741A45A3BCCE411D /* TNSCore.framework */ = {isa = PBXFileReference; explicitFileType = undefined; fileEncoding = undefined; includeInIndex = 0; lastKnownFileType = wrapper.framework; name = TNSCore.framework; path = "$(SRCROOT)/../../node_modules/nativescript-ui-core/platforms/ios/TNSCore.framework"; sourceTree = "<group>"; };
		2E0CBA7B56354ADEACEC2944 /* SAPFiori.framework */ = {isa = PBXFileReference; explicitFileType = undefined; fileEncoding = undefined; includeInIndex = 0; lastKnownFileType = wrapper.framework; name = SAPFiori.framework; path = "$(SRCROOT)/../../node_modules/mdk-sap/platforms/ios/SAPFiori.framework"; sourceTree = "<group>"; };
		391174B321F1CBD300BA2583 /* TNSDebugging.h */ = {isa = PBXFileReference; fileEncoding = 4; lastKnownFileType = sourcecode.c.h; name = TNSDebugging.h; path = internal/TNSDebugging.h; sourceTree = SOURCE_ROOT; };
		391174B421F1CBD300BA2583 /* TNSExceptionHandler.h */ = {isa = PBXFileReference; fileEncoding = 4; lastKnownFileType = sourcecode.c.h; name = TNSExceptionHandler.h; path = internal/TNSExceptionHandler.h; sourceTree = SOURCE_ROOT; };
		391174B521F1D7BF00BA2583 /* nativescript-build.xcconfig */ = {isa = PBXFileReference; fileEncoding = 4; lastKnownFileType = text.xcconfig; name = "nativescript-build.xcconfig"; path = "internal/nativescript-build.xcconfig"; sourceTree = SOURCE_ROOT; };
		391174B721F1D99900BA2583 /* plugins-release.xcconfig */ = {isa = PBXFileReference; fileEncoding = 4; lastKnownFileType = text.xcconfig; path = "plugins-release.xcconfig"; sourceTree = SOURCE_ROOT; };
		391174B821F1D99900BA2583 /* plugins-debug.xcconfig */ = {isa = PBXFileReference; fileEncoding = 4; lastKnownFileType = text.xcconfig; path = "plugins-debug.xcconfig"; sourceTree = SOURCE_ROOT; };
		3AEEA3A33C2A4CC8884FF8DA /* TestOpenDocument.pdf */ = {isa = PBXFileReference; explicitFileType = undefined; fileEncoding = undefined; includeInIndex = 0; lastKnownFileType = unknown; name = TestOpenDocument.pdf; path = ArmadoresDEV/Resources/TestOpenDocument.pdf; sourceTree = "<group>"; };
		4212C61B57D14B9DA4F93339 /* TNSWidgets.framework */ = {isa = PBXFileReference; explicitFileType = undefined; fileEncoding = undefined; includeInIndex = 0; lastKnownFileType = wrapper.framework; name = TNSWidgets.framework; path = "$(SRCROOT)/../../node_modules/tns-core-modules-widgets/platforms/ios/TNSWidgets.framework"; sourceTree = "<group>"; };
		42C751E2232B769100186695 /* nativescript-pre-link */ = {isa = PBXFileReference; fileEncoding = 4; lastKnownFileType = text; name = "nativescript-pre-link"; path = "internal/nativescript-pre-link"; sourceTree = SOURCE_ROOT; };
		42C751E3232B769100186695 /* strip-dynamic-framework-architectures.sh */ = {isa = PBXFileReference; fileEncoding = 4; lastKnownFileType = text.script.sh; name = "strip-dynamic-framework-architectures.sh"; path = "internal/strip-dynamic-framework-architectures.sh"; sourceTree = SOURCE_ROOT; };
		42C751E4232B769100186695 /* nsld.sh */ = {isa = PBXFileReference; fileEncoding = 4; lastKnownFileType = text.script.sh; name = nsld.sh; path = internal/nsld.sh; sourceTree = SOURCE_ROOT; };
		42C751E5232B769100186695 /* nativescript-post-build */ = {isa = PBXFileReference; fileEncoding = 4; lastKnownFileType = text; name = "nativescript-post-build"; path = "internal/nativescript-post-build"; sourceTree = SOURCE_ROOT; };
		42C751E6232B769100186695 /* nativescript-pre-build */ = {isa = PBXFileReference; fileEncoding = 4; lastKnownFileType = text; name = "nativescript-pre-build"; path = "internal/nativescript-pre-build"; sourceTree = SOURCE_ROOT; };
		527528B0513448B18015834E /* Branding.nss */ = {isa = PBXFileReference; explicitFileType = undefined; fileEncoding = undefined; includeInIndex = 0; lastKnownFileType = unknown; name = Branding.nss; path = ArmadoresDEV/Resources/Branding.nss; sourceTree = "<group>"; };
		52A51892552449F894283651 /* SAPOData.framework */ = {isa = PBXFileReference; explicitFileType = undefined; fileEncoding = undefined; includeInIndex = 0; lastKnownFileType = wrapper.framework; name = SAPOData.framework; path = "$(SRCROOT)/../../node_modules/mdk-sap/platforms/ios/SAPOData.framework"; sourceTree = "<group>"; };
		539E192FB449499FB982130F /* menu_icon.png */ = {isa = PBXFileReference; explicitFileType = undefined; fileEncoding = undefined; includeInIndex = 0; lastKnownFileType = image.png; name = menu_icon.png; path = ArmadoresDEV/Resources/menu_icon.png; sourceTree = "<group>"; };
		55854731C3304476B173AACF /* dino.png */ = {isa = PBXFileReference; explicitFileType = undefined; fileEncoding = undefined; includeInIndex = 0; lastKnownFileType = image.png; name = dino.png; path = ArmadoresDEV/Resources/dino.png; sourceTree = "<group>"; };
		5D0E326F7EDCCC5929CBB8EA /* Pods-ArmadoresDEV.debug.xcconfig */ = {isa = PBXFileReference; includeInIndex = 1; lastKnownFileType = text.xcconfig; name = "Pods-ArmadoresDEV.debug.xcconfig"; path = "Target Support Files/Pods-ArmadoresDEV/Pods-ArmadoresDEV.debug.xcconfig"; sourceTree = "<group>"; };
		5F773C3F79534B21AA680555 /* map_icon@3x.png */ = {isa = PBXFileReference; explicitFileType = undefined; fileEncoding = undefined; includeInIndex = 0; lastKnownFileType = image.png; name = "map_icon@3x.png"; path = "ArmadoresDEV/Resources/map_icon@3x.png"; sourceTree = "<group>"; };
		61BFD79BADE44DD189B20354 /* SAPFoundation.framework */ = {isa = PBXFileReference; explicitFileType = undefined; fileEncoding = undefined; includeInIndex = 0; lastKnownFileType = wrapper.framework; name = SAPFoundation.framework; path = "$(SRCROOT)/../../node_modules/mdk-sap/platforms/ios/SAPFoundation.framework"; sourceTree = "<group>"; };
		67F4AE8DFB4B4009B52C50A2 /* open_icon@2x.png */ = {isa = PBXFileReference; explicitFileType = undefined; fileEncoding = undefined; includeInIndex = 0; lastKnownFileType = image.png; name = "open_icon@2x.png"; path = "ArmadoresDEV/Resources/open_icon@2x.png"; sourceTree = "<group>"; };
		6C0603BD9E3F45D08E704901 /* map_icon.png */ = {isa = PBXFileReference; explicitFileType = undefined; fileEncoding = undefined; includeInIndex = 0; lastKnownFileType = image.png; name = map_icon.png; path = ArmadoresDEV/Resources/map_icon.png; sourceTree = "<group>"; };
		7ED927BCBA494ABB9C8DD26B /* app.entitlements */ = {isa = PBXFileReference; explicitFileType = undefined; fileEncoding = undefined; includeInIndex = 0; lastKnownFileType = text.plist.entitlements; name = app.entitlements; path = ArmadoresDEV/Resources/app.entitlements; sourceTree = "<group>"; };
		7F16EA5EA01E47AC991B51AD /* SAPFioriFlows.framework */ = {isa = PBXFileReference; explicitFileType = undefined; fileEncoding = undefined; includeInIndex = 0; lastKnownFileType = wrapper.framework; name = SAPFioriFlows.framework; path = "$(SRCROOT)/../../node_modules/mdk-sap/platforms/ios/SAPFioriFlows.framework"; sourceTree = "<group>"; };
		82D5191950E24AD98FD509FE /* SAPCommon.framework */ = {isa = PBXFileReference; explicitFileType = undefined; fileEncoding = undefined; includeInIndex = 0; lastKnownFileType = wrapper.framework; name = SAPCommon.framework; path = "$(SRCROOT)/../../node_modules/mdk-sap/platforms/ios/SAPCommon.framework"; sourceTree = "<group>"; };
		858B832E18CA111C00AB12DE /* ArmadoresDEV.app */ = {isa = PBXFileReference; explicitFileType = wrapper.application; includeInIndex = 0; path = ArmadoresDEV.app; sourceTree = BUILT_PRODUCTS_DIR; };
		858B833918CA111C00AB12DE /* ArmadoresDEV-Info.plist */ = {isa = PBXFileReference; lastKnownFileType = text.plist.xml; path = "ArmadoresDEV-Info.plist"; sourceTree = "<group>"; };
		858B833B18CA111C00AB12DE /* en */ = {isa = PBXFileReference; lastKnownFileType = text.plist.strings; name = en; path = en.lproj/InfoPlist.strings; sourceTree = "<group>"; };
		858B833F18CA111C00AB12DE /* ArmadoresDEV-Prefix.pch */ = {isa = PBXFileReference; lastKnownFileType = sourcecode.c.h; path = "ArmadoresDEV-Prefix.pch"; sourceTree = "<group>"; };
		858B843318CA22B800AB12DE /* ArmadoresDEV.app */ = {isa = PBXFileReference; explicitFileType = wrapper.application; includeInIndex = 0; path = ArmadoresDEV.app; sourceTree = BUILT_PRODUCTS_DIR; };
		87C41F6161DA4456B272E0A2 /* build.xcconfig */ = {isa = PBXFileReference; explicitFileType = undefined; fileEncoding = 4; includeInIndex = 0; lastKnownFileType = text.xcconfig; name = build.xcconfig; path = ArmadoresDEV/Resources/build.xcconfig; sourceTree = "<group>"; };
		89A76596713845CBAF5F1674 /* icon.png */ = {isa = PBXFileReference; explicitFileType = undefined; fileEncoding = undefined; includeInIndex = 0; lastKnownFileType = image.png; name = icon.png; path = ArmadoresDEV/Resources/icon.png; sourceTree = "<group>"; };
		8A7BD5F9DBCB419D942EC3AA /* download_icon@2x.png */ = {isa = PBXFileReference; explicitFileType = undefined; fileEncoding = undefined; includeInIndex = 0; lastKnownFileType = image.png; name = "download_icon@2x.png"; path = "ArmadoresDEV/Resources/download_icon@2x.png"; sourceTree = "<group>"; };
		9086450DE97044FFB2E17724 /* menu.png */ = {isa = PBXFileReference; explicitFileType = undefined; fileEncoding = undefined; includeInIndex = 0; lastKnownFileType = image.png; name = menu.png; path = ArmadoresDEV/Resources/menu.png; sourceTree = "<group>"; };
		91157B714E6E0BFD1AE99CF4 /* Pods-ArmadoresDEV.release.xcconfig */ = {isa = PBXFileReference; includeInIndex = 1; lastKnownFileType = text.xcconfig; name = "Pods-ArmadoresDEV.release.xcconfig"; path = "Target Support Files/Pods-ArmadoresDEV/Pods-ArmadoresDEV.release.xcconfig"; sourceTree = "<group>"; };
		930F05DB22671AE300D269DC /* Swift-ObjC-Bridging-Header.h */ = {isa = PBXFileReference; lastKnownFileType = sourcecode.c.h; name = "Swift-ObjC-Bridging-Header.h"; path = "internal/Swift-ObjC-Bridging-Header.h"; sourceTree = SOURCE_ROOT; };
		9F89BCAE01F245F788A65FED /* open_icon.png */ = {isa = PBXFileReference; explicitFileType = undefined; fileEncoding = undefined; includeInIndex = 0; lastKnownFileType = image.png; name = open_icon.png; path = ArmadoresDEV/Resources/open_icon.png; sourceTree = "<group>"; };
		A23A8AC725C34EA8AA4CD69C /* map_icon@2x.png */ = {isa = PBXFileReference; explicitFileType = undefined; fileEncoding = undefined; includeInIndex = 0; lastKnownFileType = image.png; name = "map_icon@2x.png"; path = "ArmadoresDEV/Resources/map_icon@2x.png"; sourceTree = "<group>"; };
		A6C982BA348E49D491E2B112 /* EULAText.html */ = {isa = PBXFileReference; explicitFileType = undefined; fileEncoding = undefined; includeInIndex = 0; lastKnownFileType = unknown; name = EULAText.html; path = ArmadoresDEV/Resources/EULAText.html; sourceTree = "<group>"; };
		A9912ADA1ADB4503A80A9D3A /* download_icon.png */ = {isa = PBXFileReference; explicitFileType = undefined; fileEncoding = undefined; includeInIndex = 0; lastKnownFileType = image.png; name = download_icon.png; path = ArmadoresDEV/Resources/download_icon.png; sourceTree = "<group>"; };
		A9FC36A4AB834B43ABF486E2 /* Settings.bundle */ = {isa = PBXFileReference; explicitFileType = undefined; fileEncoding = undefined; includeInIndex = 0; lastKnownFileType = "wrapper.plug-in"; name = Settings.bundle; path = ArmadoresDEV/Resources/Settings.bundle; sourceTree = "<group>"; };
		B2198137895D4669AF8AF1FB /* open_icon@3x.png */ = {isa = PBXFileReference; explicitFileType = undefined; fileEncoding = undefined; includeInIndex = 0; lastKnownFileType = image.png; name = "open_icon@3x.png"; path = "ArmadoresDEV/Resources/open_icon@3x.png"; sourceTree = "<group>"; };
		B62BDF739FA54B1C8AD2C749 /* LaunchScreen.storyboard */ = {isa = PBXFileReference; explicitFileType = undefined; fileEncoding = undefined; includeInIndex = 0; lastKnownFileType = unknown; name = LaunchScreen.storyboard; path = ArmadoresDEV/Resources/LaunchScreen.storyboard; sourceTree = "<group>"; };
		B6397AC027164788B0852BB1 /* i18n */ = {isa = PBXFileReference; explicitFileType = undefined; fileEncoding = undefined; includeInIndex = 0; lastKnownFileType = unknown; name = i18n; path = ArmadoresDEV/Resources/i18n; sourceTree = "<group>"; };
		BDC3BE3A0AAA4D9A8971D773 /* SAPOfflineOData.framework */ = {isa = PBXFileReference; explicitFileType = undefined; fileEncoding = undefined; includeInIndex = 0; lastKnownFileType = wrapper.framework; name = SAPOfflineOData.framework; path = "$(SRCROOT)/../../node_modules/mdk-sap/platforms/ios/SAPOfflineOData.framework"; sourceTree = "<group>"; };
		BEA3956E28844324A4996149 /* BlurredScreen.png */ = {isa = PBXFileReference; explicitFileType = undefined; fileEncoding = undefined; includeInIndex = 0; lastKnownFileType = image.png; name = BlurredScreen.png; path = ArmadoresDEV/Resources/BlurredScreen.png; sourceTree = "<group>"; };
		CD45EE7A18DC2D5800FB50C0 /* app */ = {isa = PBXFileReference; lastKnownFileType = folder; path = app; sourceTree = "<group>"; };
		CD62955C1BB2678900AE3A93 /* main.m */ = {isa = PBXFileReference; fileEncoding = 4; lastKnownFileType = sourcecode.c.objc; name = main.m; path = internal/main.m; sourceTree = SOURCE_ROOT; };
		CDD59A261BB43B5D00EC2671 /* build-debug.xcconfig */ = {isa = PBXFileReference; fileEncoding = 4; lastKnownFileType = text.xcconfig; path = "build-debug.xcconfig"; sourceTree = "<group>"; };
		CDD59A271BB43B5D00EC2671 /* build-release.xcconfig */ = {isa = PBXFileReference; fileEncoding = 4; lastKnownFileType = text.xcconfig; path = "build-release.xcconfig"; sourceTree = "<group>"; };
		CDF4743E1BA4855C0087EA85 /* build.xcconfig */ = {isa = PBXFileReference; fileEncoding = 4; lastKnownFileType = text.xcconfig; path = build.xcconfig; sourceTree = "<group>"; };
		D18F8B795E1E474892A39477 /* download_icon@3x.png */ = {isa = PBXFileReference; explicitFileType = undefined; fileEncoding = undefined; includeInIndex = 0; lastKnownFileType = image.png; name = "download_icon@3x.png"; path = "ArmadoresDEV/Resources/download_icon@3x.png"; sourceTree = "<group>"; };
		DC021FA458D9402787433EE8 /* module.modulemap */ = {isa = PBXFileReference; explicitFileType = undefined; fileEncoding = undefined; includeInIndex = 0; lastKnownFileType = "sourcecode.module-map"; name = module.modulemap; path = "../../node_modules/@nativescript/core/platforms/ios/src/module.modulemap"; sourceTree = "<group>"; };
		E09CC9A547E74477AD5A83DF /* NativeScriptEmbedder.h */ = {isa = PBXFileReference; explicitFileType = undefined; fileEncoding = 4; includeInIndex = 0; lastKnownFileType = sourcecode.c.h; name = NativeScriptEmbedder.h; path = "../../node_modules/@nativescript/core/platforms/ios/src/NativeScriptEmbedder.h"; sourceTree = "<group>"; };
		E87EB3F33038B75EE1CB2D55 /* Pods_ArmadoresDEV.framework */ = {isa = PBXFileReference; explicitFileType = wrapper.framework; includeInIndex = 0; path = Pods_ArmadoresDEV.framework; sourceTree = BUILT_PRODUCTS_DIR; };
		F2466E4AAE4746A08B8205D3 /* menu_icon@2x.png */ = {isa = PBXFileReference; explicitFileType = undefined; fileEncoding = undefined; includeInIndex = 0; lastKnownFileType = image.png; name = "menu_icon@2x.png"; path = "ArmadoresDEV/Resources/menu_icon@2x.png"; sourceTree = "<group>"; };
/* End PBXFileReference section */

/* Begin PBXFrameworksBuildPhase section */
		858B83F418CA22B800AB12DE /* Frameworks */ = {
			isa = PBXFrameworksBuildPhase;
			buildActionMask = 2147483647;
			files = (
				8C7CD92ABF3E4242924CDF47 /* SAPCommon.framework in Frameworks */,
				2FE74D2962D247BDAE61A4EF /* SAPFiori.framework in Frameworks */,
				C05F21007C964769954EBEE7 /* SAPFioriFlows.framework in Frameworks */,
				07BA4D9C9A0B44CD995C0B69 /* SAPFoundation.framework in Frameworks */,
				FD025E7251BD4A9FA62B8494 /* SAPMDC.framework in Frameworks */,
				08E9C9BCE8F54A769E947F2B /* SAPOData.framework in Frameworks */,
				375F91500AAB45AD8D99AC18 /* SAPOfflineOData.framework in Frameworks */,
				31626F6A47D54D8DB5E8D274 /* TNSSideDrawer.framework in Frameworks */,
				81E54D26D2A041DCA7AF718A /* TNSWidgets.framework in Frameworks */,
				3937895670C94980B79B692C /* TNSCore.framework in Frameworks */,
				531C7870A6359A24F9C5C450 /* Pods_ArmadoresDEV.framework in Frameworks */,
			);
			runOnlyForDeploymentPostprocessing = 0;
		};
/* End PBXFrameworksBuildPhase section */

/* Begin PBXGroup section */
		07DC7BAB572B468692E7DD0E /* @nativescript-rtl/ui */ = {
			isa = PBXGroup;
			children = (
			);
			name = "@nativescript-rtl/ui";
			sourceTree = "<group>";
		};
		42C751E1232B767700186695 /* Build Scripts */ = {
			isa = PBXGroup;
			children = (
				42C751E5232B769100186695 /* nativescript-post-build */,
				42C751E6232B769100186695 /* nativescript-pre-build */,
				42C751E2232B769100186695 /* nativescript-pre-link */,
				42C751E4232B769100186695 /* nsld.sh */,
				42C751E3232B769100186695 /* strip-dynamic-framework-architectures.sh */,
			);
			name = "Build Scripts";
			sourceTree = "<group>";
		};
		5EBAA232B4E9409A87C25763 /* TNSNativeSource */ = {
			isa = PBXGroup;
			children = (
			);
			name = TNSNativeSource;
			sourceTree = "<group>";
		};
		700CBA9FC93946A68A2DB98B /* zip-plugin */ = {
			isa = PBXGroup;
			children = (
			);
			name = "zip-plugin";
			sourceTree = "<group>";
		};
		858B832518CA111C00AB12DE = {
			isa = PBXGroup;
			children = (
				E070579D1B39A9D000214BF1 /* Resources */,
				858B833718CA111C00AB12DE /* ArmadoresDEV */,
				858B833018CA111C00AB12DE /* Frameworks */,
				858B832F18CA111C00AB12DE /* Products */,
				5EBAA232B4E9409A87C25763 /* TNSNativeSource */,
				07DC7BAB572B468692E7DD0E /* @nativescript-rtl/ui */,
				B72D060261244728B2BCBAD7 /* @nativescript/core */,
				C7250784EDBB4DD2AEA2E4F5 /* mdk-sap */,
				ACA4E545F0684D048026F645 /* nativescript-ui-sidedrawer */,
				700CBA9FC93946A68A2DB98B /* zip-plugin */,
				ABEAAB24EB3743539BBDBC4E /* tns-core-modules-widgets */,
				C4CC2A98CBDA4F7EA8E1E6A3 /* nativescript-ui-core */,
				DF83BC9D688E39DB91B7BC60 /* Pods */,
			);
			sourceTree = "<group>";
		};
		858B832F18CA111C00AB12DE /* Products */ = {
			isa = PBXGroup;
			children = (
				858B832E18CA111C00AB12DE /* ArmadoresDEV.app */,
				858B843318CA22B800AB12DE /* ArmadoresDEV.app */,
			);
			name = Products;
			sourceTree = "<group>";
		};
		858B833018CA111C00AB12DE /* Frameworks */ = {
			isa = PBXGroup;
			children = (
				82D5191950E24AD98FD509FE /* SAPCommon.framework */,
				2E0CBA7B56354ADEACEC2944 /* SAPFiori.framework */,
				7F16EA5EA01E47AC991B51AD /* SAPFioriFlows.framework */,
				61BFD79BADE44DD189B20354 /* SAPFoundation.framework */,
				13272224647342C0BD71718D /* SAPMDC.framework */,
				52A51892552449F894283651 /* SAPOData.framework */,
				BDC3BE3A0AAA4D9A8971D773 /* SAPOfflineOData.framework */,
				19BDB97A627D481C88CABDCB /* TNSSideDrawer.framework */,
				4212C61B57D14B9DA4F93339 /* TNSWidgets.framework */,
				25EA81A9741A45A3BCCE411D /* TNSCore.framework */,
				E87EB3F33038B75EE1CB2D55 /* Pods_ArmadoresDEV.framework */,
			);
			name = Frameworks;
			sourceTree = "<group>";
		};
		858B833718CA111C00AB12DE /* ArmadoresDEV */ = {
			isa = PBXGroup;
			children = (
				CD45EE7A18DC2D5800FB50C0 /* app */,
				858B833818CA111C00AB12DE /* Supporting Files */,
			);
			path = ArmadoresDEV;
			sourceTree = "<group>";
		};
		858B833818CA111C00AB12DE /* Supporting Files */ = {
			isa = PBXGroup;
			children = (
				42C751E1232B767700186695 /* Build Scripts */,
				391174B821F1D99900BA2583 /* plugins-debug.xcconfig */,
				391174B721F1D99900BA2583 /* plugins-release.xcconfig */,
				391174B321F1CBD300BA2583 /* TNSDebugging.h */,
				391174B421F1CBD300BA2583 /* TNSExceptionHandler.h */,
				CDF4743E1BA4855C0087EA85 /* build.xcconfig */,
				CDD59A261BB43B5D00EC2671 /* build-debug.xcconfig */,
				CDD59A271BB43B5D00EC2671 /* build-release.xcconfig */,
				391174B521F1D7BF00BA2583 /* nativescript-build.xcconfig */,
				858B833918CA111C00AB12DE /* ArmadoresDEV-Info.plist */,
				858B833A18CA111C00AB12DE /* InfoPlist.strings */,
				CD62955C1BB2678900AE3A93 /* main.m */,
				858B833F18CA111C00AB12DE /* ArmadoresDEV-Prefix.pch */,
				930F05DB22671AE300D269DC /* Swift-ObjC-Bridging-Header.h */,
			);
			name = "Supporting Files";
			sourceTree = "<group>";
		};
		ABEAAB24EB3743539BBDBC4E /* tns-core-modules-widgets */ = {
			isa = PBXGroup;
			children = (
			);
			name = "tns-core-modules-widgets";
			sourceTree = "<group>";
		};
		ACA4E545F0684D048026F645 /* nativescript-ui-sidedrawer */ = {
			isa = PBXGroup;
			children = (
			);
			name = "nativescript-ui-sidedrawer";
			sourceTree = "<group>";
		};
		B72D060261244728B2BCBAD7 /* @nativescript/core */ = {
			isa = PBXGroup;
			children = (
				E09CC9A547E74477AD5A83DF /* NativeScriptEmbedder.h */,
				2382A055813A4F04B951251D /* NativeScriptEmbedder.m */,
				DC021FA458D9402787433EE8 /* module.modulemap */,
			);
			name = "@nativescript/core";
			sourceTree = "<group>";
		};
		C4CC2A98CBDA4F7EA8E1E6A3 /* nativescript-ui-core */ = {
			isa = PBXGroup;
			children = (
			);
			name = "nativescript-ui-core";
			sourceTree = "<group>";
		};
		C7250784EDBB4DD2AEA2E4F5 /* mdk-sap */ = {
			isa = PBXGroup;
			children = (
			);
			name = "mdk-sap";
			sourceTree = "<group>";
		};
		DF83BC9D688E39DB91B7BC60 /* Pods */ = {
			isa = PBXGroup;
			children = (
				5D0E326F7EDCCC5929CBB8EA /* Pods-ArmadoresDEV.debug.xcconfig */,
				91157B714E6E0BFD1AE99CF4 /* Pods-ArmadoresDEV.release.xcconfig */,
			);
			name = Pods;
			path = Pods;
			sourceTree = "<group>";
		};
		E070579D1B39A9D000214BF1 /* Resources */ = {
			isa = PBXGroup;
			children = (
				0204AEC5980D40E28794EFF8 /* Assets.xcassets */,
				BEA3956E28844324A4996149 /* BlurredScreen.png */,
				527528B0513448B18015834E /* Branding.nss */,
				A6C982BA348E49D491E2B112 /* EULAText.html */,
				B62BDF739FA54B1C8AD2C749 /* LaunchScreen.storyboard */,
				A9FC36A4AB834B43ABF486E2 /* Settings.bundle */,
				20D15403635D4A3DA948925E /* TestDocx.docx */,
				3AEEA3A33C2A4CC8884FF8DA /* TestOpenDocument.pdf */,
				1EDF60FCCA074107952076AE /* TestTxt.txt */,
				7ED927BCBA494ABB9C8DD26B /* app.entitlements */,
				87C41F6161DA4456B272E0A2 /* build.xcconfig */,
				55854731C3304476B173AACF /* dino.png */,
				A9912ADA1ADB4503A80A9D3A /* download_icon.png */,
				8A7BD5F9DBCB419D942EC3AA /* download_icon@2x.png */,
				D18F8B795E1E474892A39477 /* download_icon@3x.png */,
				B6397AC027164788B0852BB1 /* i18n */,
				89A76596713845CBAF5F1674 /* icon.png */,
				6C0603BD9E3F45D08E704901 /* map_icon.png */,
				A23A8AC725C34EA8AA4CD69C /* map_icon@2x.png */,
				5F773C3F79534B21AA680555 /* map_icon@3x.png */,
				9086450DE97044FFB2E17724 /* menu.png */,
				539E192FB449499FB982130F /* menu_icon.png */,
				F2466E4AAE4746A08B8205D3 /* menu_icon@2x.png */,
				0CF06EE0C6F5464D91A2C00F /* menu_icon@3x.png */,
				9F89BCAE01F245F788A65FED /* open_icon.png */,
				67F4AE8DFB4B4009B52C50A2 /* open_icon@2x.png */,
				B2198137895D4669AF8AF1FB /* open_icon@3x.png */,
			);
			name = Resources;
			sourceTree = "<group>";
		};
/* End PBXGroup section */

/* Begin PBXNativeTarget section */
		858B83EF18CA22B800AB12DE /* ArmadoresDEV */ = {
			isa = PBXNativeTarget;
			buildConfigurationList = 858B843018CA22B800AB12DE /* Build configuration list for PBXNativeTarget "ArmadoresDEV" */;
			buildPhases = (
				0C626CC3AED0880D15A1273D /* [CP] Check Pods Manifest.lock */,
				C97FD7AC1ADE5369004DB2A4 /* NativeScript PreBuild */,
				858B83F218CA22B800AB12DE /* Sources */,
				CD62955B1BB2651D00AE3A93 /* NativeScript PreLink */,
				858B83F418CA22B800AB12DE /* Frameworks */,
				858B842C18CA22B800AB12DE /* Resources */,
				85F5BDFC1A9363BE006B9701 /* Embed Frameworks */,
				CD3EAD351B05FF060042DBFC /* NativeScript PostBuild */,
				8102BCB369D0A9540E14101B /* [CP] Embed Pods Frameworks */,
			);
			buildRules = (
			);
			dependencies = (
			);
			name = ArmadoresDEV;
			productName = JDBridgeApp;
			productReference = 858B843318CA22B800AB12DE /* ArmadoresDEV.app */;
			productType = "com.apple.product-type.application";
		};
/* End PBXNativeTarget section */

/* Begin PBXProject section */
		858B832618CA111C00AB12DE /* Project object */ = {
			isa = PBXProject;
			attributes = {
				CLASSPREFIX = TNS;
				LastUpgradeCheck = 500;
				ORGANIZATIONNAME = Telerik;
				TargetAttributes = {
					858B83EF18CA22B800AB12DE = {
						ProvisioningStyle = Automatic;
					};
				};
			};
			buildConfigurationList = 858B832918CA111C00AB12DE /* Build configuration list for PBXProject "ArmadoresDEV" */;
			compatibilityVersion = "Xcode 3.2";
			developmentRegion = English;
			hasScannedForEncodings = 0;
			knownRegions = (
				English,
				en,
			);
			mainGroup = 858B832518CA111C00AB12DE;
			productRefGroup = 858B832F18CA111C00AB12DE /* Products */;
			projectDirPath = "";
			projectRoot = "";
			targets = (
				858B83EF18CA22B800AB12DE /* ArmadoresDEV */,
			);
		};
/* End PBXProject section */

/* Begin PBXResourcesBuildPhase section */
		858B842C18CA22B800AB12DE /* Resources */ = {
			isa = PBXResourcesBuildPhase;
			buildActionMask = 2147483647;
			files = (
				CD45EE7C18DC2D5800FB50C0 /* app in Resources */,
				858B842D18CA22B800AB12DE /* InfoPlist.strings in Resources */,
				06FCDCAA61D5487EA2621C1B /* Assets.xcassets in Resources */,
				A426FF8A48234F43AC4C8C0F /* BlurredScreen.png in Resources */,
				78FE6B5B2DAF466A822A96E7 /* Branding.nss in Resources */,
				5D804A5EBE2242C8A2CF3763 /* EULAText.html in Resources */,
				91CD1981F4C74668BE96F508 /* LaunchScreen.storyboard in Resources */,
				70D4F0E7C8E14AB2BA8C3376 /* Settings.bundle in Resources */,
				714DF581EE714C408DD98BCA /* TestDocx.docx in Resources */,
				4339D0E99C6747638AF4F044 /* TestOpenDocument.pdf in Resources */,
				29ECD8F3D1E74717A58B4294 /* TestTxt.txt in Resources */,
				ADF5E3629E2041559BF609CD /* app.entitlements in Resources */,
				7B5538EB081B4EA49C00E42E /* build.xcconfig in Resources */,
				789D6479B8924F4FA256AF43 /* dino.png in Resources */,
				553E2C5D288A43789B44B519 /* download_icon.png in Resources */,
				083AA1FA79D74FAAA96563AD /* download_icon@2x.png in Resources */,
				936ABF99BDBD416486855EE8 /* download_icon@3x.png in Resources */,
				2CBE82D9BB244F5AB3FFEEF7 /* i18n in Resources */,
				E56547AE9C6A4976AB80C9C1 /* icon.png in Resources */,
				4072E6B7F16B40CC8E04D892 /* map_icon.png in Resources */,
				D9D955C9C8E04524ADE959DE /* map_icon@2x.png in Resources */,
				8083410C1DB04F38A831B724 /* map_icon@3x.png in Resources */,
				21C7DE3168C5491C896B0E54 /* menu.png in Resources */,
				E09E31B9EE4F42D4B08480CE /* menu_icon.png in Resources */,
				6228B42AE2D047D6B104C8FD /* menu_icon@2x.png in Resources */,
				67AD21CEB1C24D9881E25303 /* menu_icon@3x.png in Resources */,
				9AB4F3EF3A1E4F0B81963AD8 /* open_icon.png in Resources */,
				96E1E1C7DA1C4624BE46879D /* open_icon@2x.png in Resources */,
				0CA782E4F9564E889B3A2FC1 /* open_icon@3x.png in Resources */,
			);
			runOnlyForDeploymentPostprocessing = 0;
		};
/* End PBXResourcesBuildPhase section */

/* Begin PBXShellScriptBuildPhase section */
		0C626CC3AED0880D15A1273D /* [CP] Check Pods Manifest.lock */ = {
			isa = PBXShellScriptBuildPhase;
			buildActionMask = 2147483647;
			files = (
			);
			inputFileListPaths = (
			);
			inputPaths = (
				"${PODS_PODFILE_DIR_PATH}/Podfile.lock",
				"${PODS_ROOT}/Manifest.lock",
			);
			name = "[CP] Check Pods Manifest.lock";
			outputFileListPaths = (
			);
			outputPaths = (
				"$(DERIVED_FILE_DIR)/Pods-ArmadoresDEV-checkManifestLockResult.txt",
			);
			runOnlyForDeploymentPostprocessing = 0;
			shellPath = /bin/sh;
			shellScript = "diff \"${PODS_PODFILE_DIR_PATH}/Podfile.lock\" \"${PODS_ROOT}/Manifest.lock\" > /dev/null\nif [ $? != 0 ] ; then\n    # print error to STDERR\n    echo \"error: The sandbox is not in sync with the Podfile.lock. Run 'pod install' or update your CocoaPods installation.\" >&2\n    exit 1\nfi\n# This output is used by Xcode 'outputs' to avoid re-running this script phase.\necho \"SUCCESS\" > \"${SCRIPT_OUTPUT_FILE_0}\"\n";
			showEnvVarsInLog = 0;
		};
		8102BCB369D0A9540E14101B /* [CP] Embed Pods Frameworks */ = {
			isa = PBXShellScriptBuildPhase;
			buildActionMask = 2147483647;
			files = (
			);
			inputPaths = (
				"${PODS_ROOT}/Target Support Files/Pods-ArmadoresDEV/Pods-ArmadoresDEV-frameworks.sh",
				"${BUILT_PRODUCTS_DIR}/MDFInternationalization/MDFInternationalization.framework",
				"${BUILT_PRODUCTS_DIR}/MaterialComponents/MaterialComponents.framework",
				"${BUILT_PRODUCTS_DIR}/SSZipArchive/SSZipArchive.framework",
			);
			name = "[CP] Embed Pods Frameworks";
			outputPaths = (
				"${TARGET_BUILD_DIR}/${FRAMEWORKS_FOLDER_PATH}/MDFInternationalization.framework",
				"${TARGET_BUILD_DIR}/${FRAMEWORKS_FOLDER_PATH}/MaterialComponents.framework",
				"${TARGET_BUILD_DIR}/${FRAMEWORKS_FOLDER_PATH}/SSZipArchive.framework",
			);
			runOnlyForDeploymentPostprocessing = 0;
			shellPath = /bin/sh;
			shellScript = "\"${PODS_ROOT}/Target Support Files/Pods-ArmadoresDEV/Pods-ArmadoresDEV-frameworks.sh\"\n";
			showEnvVarsInLog = 0;
		};
		C97FD7AC1ADE5369004DB2A4 /* NativeScript PreBuild */ = {
			isa = PBXShellScriptBuildPhase;
			buildActionMask = 2147483647;
			files = (
			);
			inputPaths = (
			);
			name = "NativeScript PreBuild";
			outputPaths = (
			);
			runOnlyForDeploymentPostprocessing = 0;
			shellPath = /bin/sh;
			shellScript = "\"$SRCROOT/internal/nativescript-pre-build\"\n";
			showEnvVarsInLog = 0;
		};
		CD3EAD351B05FF060042DBFC /* NativeScript PostBuild */ = {
			isa = PBXShellScriptBuildPhase;
			buildActionMask = 2147483647;
			files = (
			);
			inputPaths = (
			);
			name = "NativeScript PostBuild";
			outputPaths = (
			);
			runOnlyForDeploymentPostprocessing = 0;
			shellPath = /bin/sh;
			shellScript = "\"$SRCROOT/internal/nativescript-post-build\"";
			showEnvVarsInLog = 0;
		};
		CD62955B1BB2651D00AE3A93 /* NativeScript PreLink */ = {
			isa = PBXShellScriptBuildPhase;
			buildActionMask = 2147483647;
			files = (
			);
			inputPaths = (
			);
			name = "NativeScript PreLink";
			outputPaths = (
			);
			runOnlyForDeploymentPostprocessing = 0;
			shellPath = /bin/sh;
			shellScript = "\"$SRCROOT/internal/nativescript-pre-link\"";
			showEnvVarsInLog = 0;
		};
/* End PBXShellScriptBuildPhase section */

/* Begin PBXSourcesBuildPhase section */
		858B83F218CA22B800AB12DE /* Sources */ = {
			isa = PBXSourcesBuildPhase;
			buildActionMask = 2147483647;
			files = (
				CD62955D1BB2678900AE3A93 /* main.m in Sources */,
				FDD943DF8631410187C3F504 /* NativeScriptEmbedder.m in Sources */,
			);
			runOnlyForDeploymentPostprocessing = 0;
		};
/* End PBXSourcesBuildPhase section */

/* Begin PBXVariantGroup section */
		858B833A18CA111C00AB12DE /* InfoPlist.strings */ = {
			isa = PBXVariantGroup;
			children = (
				858B833B18CA111C00AB12DE /* en */,
			);
			name = InfoPlist.strings;
			sourceTree = "<group>";
		};
/* End PBXVariantGroup section */

/* Begin XCBuildConfiguration section */
		858B835818CA111C00AB12DE /* Debug */ = {
			isa = XCBuildConfiguration;
			buildSettings = {
				ALWAYS_SEARCH_USER_PATHS = NO;
				ARCHS = "$(ARCHS_STANDARD)";
				CLANG_CXX_LANGUAGE_STANDARD = "gnu++0x";
				CLANG_CXX_LIBRARY = "libc++";
				CLANG_ENABLE_MODULES = YES;
				CLANG_ENABLE_OBJC_ARC = YES;
				CLANG_WARN_BOOL_CONVERSION = YES;
				CLANG_WARN_CONSTANT_CONVERSION = YES;
				CLANG_WARN_DIRECT_OBJC_ISA_USAGE = YES_ERROR;
				CLANG_WARN_EMPTY_BODY = YES;
				CLANG_WARN_ENUM_CONVERSION = YES;
				CLANG_WARN_INT_CONVERSION = YES;
				CLANG_WARN_OBJC_ROOT_CLASS = YES_ERROR;
				CLANG_WARN__DUPLICATE_METHOD_MATCH = YES;
				"CODE_SIGN_IDENTITY[sdk=iphoneos*]" = "iPhone Developer";
				COPY_PHASE_STRIP = NO;
				GCC_C_LANGUAGE_STANDARD = gnu99;
				GCC_DYNAMIC_NO_PIC = NO;
				GCC_OPTIMIZATION_LEVEL = 0;
				GCC_SYMBOLS_PRIVATE_EXTERN = NO;
				GCC_WARN_64_TO_32_BIT_CONVERSION = YES;
				GCC_WARN_ABOUT_RETURN_TYPE = YES_ERROR;
				GCC_WARN_UNDECLARED_SELECTOR = YES;
				GCC_WARN_UNINITIALIZED_AUTOS = YES;
				GCC_WARN_UNUSED_FUNCTION = YES;
				GCC_WARN_UNUSED_VARIABLE = YES;
				IPHONEOS_DEPLOYMENT_TARGET = 9.0;
				ONLY_ACTIVE_ARCH = YES;
				SDKROOT = iphoneos;
				STRIP_SWIFT_SYMBOLS = NO;
				SWIFT_OBJC_BRIDGING_HEADER = "$SRCROOT/internal/Swift-ObjC-Bridging-Header.h";
				SWIFT_VERSION = 4.2;
				TARGETED_DEVICE_FAMILY = "1,2";
			};
			name = Debug;
		};
		858B835918CA111C00AB12DE /* Release */ = {
			isa = XCBuildConfiguration;
			buildSettings = {
				ALWAYS_SEARCH_USER_PATHS = NO;
				ARCHS = "$(ARCHS_STANDARD)";
				CLANG_CXX_LANGUAGE_STANDARD = "gnu++0x";
				CLANG_CXX_LIBRARY = "libc++";
				CLANG_ENABLE_MODULES = YES;
				CLANG_ENABLE_OBJC_ARC = YES;
				CLANG_WARN_BOOL_CONVERSION = YES;
				CLANG_WARN_CONSTANT_CONVERSION = YES;
				CLANG_WARN_DIRECT_OBJC_ISA_USAGE = YES_ERROR;
				CLANG_WARN_EMPTY_BODY = YES;
				CLANG_WARN_ENUM_CONVERSION = YES;
				CLANG_WARN_INT_CONVERSION = YES;
				CLANG_WARN_OBJC_ROOT_CLASS = YES_ERROR;
				CLANG_WARN__DUPLICATE_METHOD_MATCH = YES;
				"CODE_SIGN_IDENTITY[sdk=iphoneos*]" = "iPhone Developer";
				COPY_PHASE_STRIP = YES;
				ENABLE_NS_ASSERTIONS = NO;
				GCC_C_LANGUAGE_STANDARD = gnu99;
				GCC_WARN_64_TO_32_BIT_CONVERSION = YES;
				GCC_WARN_ABOUT_RETURN_TYPE = YES_ERROR;
				GCC_WARN_UNDECLARED_SELECTOR = YES;
				GCC_WARN_UNINITIALIZED_AUTOS = YES;
				GCC_WARN_UNUSED_FUNCTION = YES;
				GCC_WARN_UNUSED_VARIABLE = YES;
				IPHONEOS_DEPLOYMENT_TARGET = 9.0;
				SDKROOT = iphoneos;
				STRIP_SWIFT_SYMBOLS = NO;
				SWIFT_OBJC_BRIDGING_HEADER = "$SRCROOT/internal/Swift-ObjC-Bridging-Header.h";
				SWIFT_VERSION = 4.2;
				TARGETED_DEVICE_FAMILY = "1,2";
				VALIDATE_PRODUCT = YES;
			};
			name = Release;
		};
		858B843118CA22B800AB12DE /* Debug */ = {
			isa = XCBuildConfiguration;
			baseConfigurationReference = CDD59A261BB43B5D00EC2671 /* build-debug.xcconfig */;
			buildSettings = {
				ARCHS = "$(ARCHS_STANDARD)";
				ENABLE_BITCODE = NO;
				FRAMEWORK_SEARCH_PATHS = (
					"$(inherited)",
					"\"$(SRCROOT)/../../node_modules/mdk-sap/platforms/ios\"",
					"\"$(SRCROOT)/../../node_modules/nativescript-ui-sidedrawer/platforms/ios\"",
					"\"$(SRCROOT)/../../node_modules/tns-core-modules-widgets/platforms/ios\"",
					"\"$(SRCROOT)/../../node_modules/nativescript-ui-core/platforms/ios\"",
				);
				GCC_PRECOMPILE_PREFIX_HEADER = YES;
				GCC_PREFIX_HEADER = "ArmadoresDEV/ArmadoresDEV-Prefix.pch";
				GCC_PREPROCESSOR_DEFINITIONS = (
					"$(inherited)",
					"DEBUG=1",
				);
				HEADER_SEARCH_PATHS = (
					"$(inherited)",
					"\"$SRCROOT/internal/Swift-Modules\"",
					"\"$(SRCROOT)/internal\"",
					"\"$(SRCROOT)/../../app/App_Resources/iOS/src\"",
					"\"$(SRCROOT)/../../node_modules/@nativescript-rtl/ui/platforms/ios/src\"",
					"\"$(SRCROOT)/../../node_modules/@nativescript/core/platforms/ios/src\"",
					"\"$(SRCROOT)/../../node_modules/mdk-sap/platforms/ios/src\"",
					"\"$(SRCROOT)/../../node_modules/nativescript-ui-sidedrawer/platforms/ios/src\"",
					"\"$(SRCROOT)/../../node_modules/zip-plugin/platforms/ios/src\"",
					"\"$(SRCROOT)/../../node_modules/tns-core-modules-widgets/platforms/ios/src\"",
					"\"$(SRCROOT)/../../node_modules/nativescript-ui-core/platforms/ios/src\"",
				);
				INFOPLIST_FILE = "$(SRCROOT)/ArmadoresDEV/ArmadoresDEV-Info.plist";
				LD_RUNPATH_SEARCH_PATHS = "$(inherited) @executable_path/Frameworks";
				PRODUCT_BUNDLE_IDENTIFIER = hayduk.armadores;
				PRODUCT_NAME = ArmadoresDEV;
				WRAPPER_EXTENSION = app;
			};
			name = Debug;
		};
		858B843218CA22B800AB12DE /* Release */ = {
			isa = XCBuildConfiguration;
			baseConfigurationReference = CDD59A271BB43B5D00EC2671 /* build-release.xcconfig */;
			buildSettings = {
				ARCHS = "$(ARCHS_STANDARD)";
				ENABLE_BITCODE = NO;
				FRAMEWORK_SEARCH_PATHS = (
					"$(inherited)",
					"\"$(SRCROOT)/../../node_modules/mdk-sap/platforms/ios\"",
					"\"$(SRCROOT)/../../node_modules/nativescript-ui-sidedrawer/platforms/ios\"",
					"\"$(SRCROOT)/../../node_modules/tns-core-modules-widgets/platforms/ios\"",
					"\"$(SRCROOT)/../../node_modules/nativescript-ui-core/platforms/ios\"",
				);
				GCC_PRECOMPILE_PREFIX_HEADER = YES;
				GCC_PREFIX_HEADER = "ArmadoresDEV/ArmadoresDEV-Prefix.pch";
				HEADER_SEARCH_PATHS = (
					"$(inherited)",
					"$SRCROOT/internal/Swift-Modules",
					"$(SRCROOT)/internal",
					"\"$(SRCROOT)/../../app/App_Resources/iOS/src\"",
					"\"$(SRCROOT)/../../node_modules/@nativescript-rtl/ui/platforms/ios/src\"",
					"\"$(SRCROOT)/../../node_modules/@nativescript/core/platforms/ios/src\"",
					"\"$(SRCROOT)/../../node_modules/mdk-sap/platforms/ios/src\"",
					"\"$(SRCROOT)/../../node_modules/nativescript-ui-sidedrawer/platforms/ios/src\"",
					"\"$(SRCROOT)/../../node_modules/zip-plugin/platforms/ios/src\"",
					"\"$(SRCROOT)/../../node_modules/tns-core-modules-widgets/platforms/ios/src\"",
					"\"$(SRCROOT)/../../node_modules/nativescript-ui-core/platforms/ios/src\"",
				);
				INFOPLIST_FILE = "$(SRCROOT)/ArmadoresDEV/ArmadoresDEV-Info.plist";
				LD_RUNPATH_SEARCH_PATHS = "$(inherited) @executable_path/Frameworks";
				PRODUCT_BUNDLE_IDENTIFIER = hayduk.armadores;
				PRODUCT_NAME = ArmadoresDEV;
				WRAPPER_EXTENSION = app;
			};
			name = Release;
		};
/* End XCBuildConfiguration section */

/* Begin XCConfigurationList section */
		858B832918CA111C00AB12DE /* Build configuration list for PBXProject "ArmadoresDEV" */ = {
			isa = XCConfigurationList;
			buildConfigurations = (
				858B835818CA111C00AB12DE /* Debug */,
				858B835918CA111C00AB12DE /* Release */,
			);
			defaultConfigurationIsVisible = 0;
			defaultConfigurationName = Release;
		};
		858B843018CA22B800AB12DE /* Build configuration list for PBXNativeTarget "ArmadoresDEV" */ = {
			isa = XCConfigurationList;
			buildConfigurations = (
				858B843118CA22B800AB12DE /* Debug */,
				858B843218CA22B800AB12DE /* Release */,
			);
			defaultConfigurationIsVisible = 0;
			defaultConfigurationName = Release;
		};
/* End XCConfigurationList section */
	};
	rootObject = 858B832618CA111C00AB12DE /* Project object */;
}
